
Microsoft Visual Studio Solution File, Format Version 12.00
# Visual Studio Version 17
VisualStudioVersion = 17.3.32825.248
MinimumVisualStudioVersion = 10.0.40219.1
Project("{8BC9CEB8-8B4A-11D0-8D11-00A0C91BC942}") = "Inheritance", "Inheritance\Inheritance.vcxproj", "{E84C78E3-6A3A-4738-B0B2-A8798431AA71}"
EndProject
Project("{8BC9CEB8-8B4A-11D0-8D11-00A0C91BC942}") = "Academy", "Academy\Academy.vcxproj", "{C644942B-AA9D-4D0C-B282-69E256A7A598}"
EndProject
Project("{8BC9CEB8-8B4A-11D0-8D11-00A0C91BC942}") = "Files", "Files\Files.vcxproj", "{6C1043F3-30BF-47A3-AC15-EA9D3BC908BE}"
EndProject
Global
	GlobalSection(SolutionConfigurationPlatforms) = preSolution
		Debug|x64 = Debug|x64
		Debug|x86 = Debug|x86
		Release|x64 = Release|x64
		Release|x86 = Release|x86
	EndGlobalSection
	GlobalSection(ProjectConfigurationPlatforms) = postSolution
		{E84C78E3-6A3A-4738-B0B2-A8798431AA71}.Debug|x64.ActiveCfg = Debug|x64
		{E84C78E3-6A3A-4738-B0B2-A8798431AA71}.Debug|x64.Build.0 = Debug|x64
		{E84C78E3-6A3A-4738-B0B2-A8798431AA71}.Debug|x86.ActiveCfg = Debug|Win32
		{E84C78E3-6A3A-4738-B0B2-A8798431AA71}.Debug|x86.Build.0 = Debug|Win32
		{E84C78E3-6A3A-4738-B0B2-A8798431AA71}.Release|x64.ActiveCfg = Release|x64
		{E84C78E3-6A3A-4738-B0B2-A8798431AA71}.Release|x64.Build.0 = Release|x64
		{E84C78E3-6A3A-4738-B0B2-A8798431AA71}.Release|x86.ActiveCfg = Release|Win32
		{E84C78E3-6A3A-4738-B0B2-A8798431AA71}.Release|x86.Build.0 = Release|Win32
		{C644942B-AA9D-4D0C-B282-69E256A7A598}.Debug|x64.ActiveCfg = Debug|x64
		{C644942B-AA9D-4D0C-B282-69E256A7A598}.Debug|x64.Build.0 = Debug|x64
		{C644942B-AA9D-4D0C-B282-69E256A7A598}.Debug|x86.ActiveCfg = Debug|Win32
		{C644942B-AA9D-4D0C-B282-69E256A7A598}.Debug|x86.Build.0 = Debug|Win32
		{C644942B-AA9D-4D0C-B282-69E256A7A598}.Release|x64.ActiveCfg = Release|x64
		{C644942B-AA9D-4D0C-B282-69E256A7A598}.Release|x64.Build.0 = Release|x64
		{C644942B-AA9D-4D0C-B282-69E256A7A598}.Release|x86.ActiveCfg = Release|Win32
		{C644942B-AA9D-4D0C-B282-69E256A7A598}.Release|x86.Build.0 = Release|Win32
		{6C1043F3-30BF-47A3-AC15-EA9D3BC908BE}.Debug|x64.ActiveCfg = Debug|x64
		{6C1043F3-30BF-47A3-AC15-EA9D3BC908BE}.Debug|x64.Build.0 = Debug|x64
		{6C1043F3-30BF-47A3-AC15-EA9D3BC908BE}.Debug|x86.ActiveCfg = Debug|Win32
		{6C1043F3-30BF-47A3-AC15-EA9D3BC908BE}.Debug|x86.Build.0 = Debug|Win32
		{6C1043F3-30BF-47A3-AC15-EA9D3BC908BE}.Release|x64.ActiveCfg = Release|x64
		{6C1043F3-30BF-47A3-AC15-EA9D3BC908BE}.Release|x64.Build.0 = Release|x64
		{6C1043F3-30BF-47A3-AC15-EA9D3BC908BE}.Release|x86.ActiveCfg = Release|Win32
		{6C1043F3-30BF-47A3-AC15-EA9D3BC908BE}.Release|x86.Build.0 = Release|Win32
	EndGlobalSection
	GlobalSection(SolutionProperties) = preSolution
		HideSolutionNode = FALSE
	EndGlobalSection
	GlobalSection(ExtensibilityGlobals) = postSolution
		SolutionGuid = {278B789D-8828-44B3-AC3A-723762BD1783}
	EndGlobalSection
EndGlobal
